
Microsoft Visual Studio Solution File, Format Version 12.00
# Visual Studio Version 17
VisualStudioVersion = 17.0.31903.59
MinimumVisualStudioVersion = 10.0.40219.1
Project("{FAE04EC0-301F-11D3-BF4B-00C04F79EFBC}") = "MoneyConversion", "MoneyConversion\MoneyConversion.csproj", "{6B2031E2-D6DD-4AF7-B89C-AB030D5285EA}"
EndProject
Project("{FAE04EC0-301F-11D3-BF4B-00C04F79EFBC}") = "MoneyConversion.Tests", "MoneyConversion.Tests\MoneyConversion.Tests.csproj", "{BFA1AAF1-93C7-4D9B-93C8-8CA36C2A5CD4}"
EndProject
Global
	GlobalSection(SolutionConfigurationPlatforms) = preSolution
		Debug|Any CPU = Debug|Any CPU
		Release|Any CPU = Release|Any CPU
	EndGlobalSection
	GlobalSection(SolutionProperties) = preSolution
		HideSolutionNode = FALSE
	EndGlobalSection
	GlobalSection(ProjectConfigurationPlatforms) = postSolution
		{6B2031E2-D6DD-4AF7-B89C-AB030D5285EA}.Debug|Any CPU.ActiveCfg = Debug|Any CPU
		{6B2031E2-D6DD-4AF7-B89C-AB030D5285EA}.Debug|Any CPU.Build.0 = Debug|Any CPU
		{6B2031E2-D6DD-4AF7-B89C-AB030D5285EA}.Release|Any CPU.ActiveCfg = Release|Any CPU
		{6B2031E2-D6DD-4AF7-B89C-AB030D5285EA}.Release|Any CPU.Build.0 = Release|Any CPU
		{BFA1AAF1-93C7-4D9B-93C8-8CA36C2A5CD4}.Debug|Any CPU.ActiveCfg = Debug|Any CPU
		{BFA1AAF1-93C7-4D9B-93C8-8CA36C2A5CD4}.Debug|Any CPU.Build.0 = Debug|Any CPU
		{BFA1AAF1-93C7-4D9B-93C8-8CA36C2A5CD4}.Release|Any CPU.ActiveCfg = Release|Any CPU
		{BFA1AAF1-93C7-4D9B-93C8-8CA36C2A5CD4}.Release|Any CPU.Build.0 = Release|Any CPU
	EndGlobalSection
EndGlobal
